{
  "name": "google-maps",
  "version": "1.0.0",
  "lockfileVersion": 1,
  "requires": true,
  "dependencies": {
    "@types/googlemaps": {
      "version": "3.30.7",
      "resolved": "http://registry.npm.taobao.org/@types/googlemaps/download/@types/googlemaps-3.30.7.tgz",
      "integrity": "sha1-FXPSTTJv2WzYuuofEug0P7l61Fs="
    },
    "@types/jquery": {
      "version": "3.3.1",
      "resolved": "http://registry.npm.taobao.org/@types/jquery/download/@types/jquery-3.3.1.tgz",
      "integrity": "sha1-VXWNRNQidW1jKcv1Tm1Bkx17oo8="
    },
    "jquery": {
      "version": "3.3.1",
      "resolved": "http://registry.npm.taobao.org/jquery/download/jquery-3.3.1.tgz",
      "integrity": "sha1-lYzinoHJeQ8xvneS311NlfxX+8o="
    }
  }
}
