{
  "name": "google-maps",
  "version": "1.0.0",
  "lockfileVersion": 1,
  "requires": true,
  "dependencies": {
    "@types/es6-promise": {
      "version": "3.3.0",
      "resolved": "http://registry.npm.taobao.org/@types/es6-promise/download/@types/es6-promise-3.3.0.tgz",
      "integrity": "sha1-YbVeVU/YB7Vj8VinmG7lPTpaWp0=",
      "requires": {
        "es6-promise": "4.2.4"
      }
    },
    "@types/googlemaps": {
      "version": "3.30.7",
      "resolved": "http://registry.npm.taobao.org/@types/googlemaps/download/@types/googlemaps-3.30.7.tgz",
      "integrity": "sha1-FXPSTTJv2WzYuuofEug0P7l61Fs="
    },
    "@types/jquery": {
      "version": "3.3.1",
      "resolved": "http://registry.npm.taobao.org/@types/jquery/download/@types/jquery-3.3.1.tgz",
      "integrity": "sha1-VXWNRNQidW1jKcv1Tm1Bkx17oo8="
    },
    "es6-promise": {
      "version": "4.2.4",
      "resolved": "http://registry.npm.taobao.org/es6-promise/download/es6-promise-4.2.4.tgz",
      "integrity": "sha1-3EIhwrFlGHYL2MOaUtjzVvwA7Sk="
    },
    "jquery": {
      "version": "3.3.1",
      "resolved": "http://registry.npm.taobao.org/jquery/download/jquery-3.3.1.tgz",
      "integrity": "sha1-lYzinoHJeQ8xvneS311NlfxX+8o="
    }
  }
}
